{
  "nodes": {
    "fleek": {
      "inputs": {
        "nixpkgs": "nixpkgs"
      },
      "locked": {
        "narHash": "sha256-6+/YCXT4tMf82AbtGAqU/LmUpUx2m7p1M7FTb1CPdjo=",
        "rev": "49f6a53b324015cea4bb244a66de724bf0aa2a79",
        "revCount": 448,
        "type": "tarball",
        "url": "https://api.flakehub.com/f/pinned/ublue-os/fleek/0.10.3/018ac81c-8772-7539-9562-973aeee209a5/source.tar.gz"
      },
      "original": {
        "type": "tarball",
        "url": "https://flakehub.com/f/ublue-os/fleek/%2A.tar.gz"
      }
    },
    "home-manager": {
      "inputs": {
        "nixpkgs": [
          "nixpkgs"
        ]
      },
      "locked": {
        "narHash": "sha256-LQwKgaaaFOkIcxarf0xQXeDJFwZ5BZWcgmPeo3xp2CM=",
        "rev": "4f02e35f9d150573e1a710afa338846c2f6d850c",
        "revCount": 3039,
        "type": "tarball",
        "url": "https://api.flakehub.com/f/pinned/nix-community/home-manager/0.1.3039%2Brev-4f02e35f9d150573e1a710afa338846c2f6d850c/018ae1f6-537d-70df-a4e6-614b24f0a6ee/source.tar.gz"
      },
      "original": {
        "type": "tarball",
        "url": "https://flakehub.com/f/nix-community/home-manager/0.1.tar.gz"
      }
    },
    "nixpkgs": {
      "locked": {
        "lastModified": 1681154110,
        "narHash": "sha256-OQwWzlzAY1dCqgSsgZzsPIOGmX4pBGaoXOy0rSl4b5Y=",
        "owner": "NixOS",
        "repo": "nixpkgs",
        "rev": "115a96e2ac1e92937cd47c30e073e16dcaaf6247",
        "type": "github"
      },
      "original": {
        "owner": "NixOS",
        "ref": "release-22.11",
        "repo": "nixpkgs",
        "type": "github"
      }
    },
    "nixpkgs_2": {
      "locked": {
        "lastModified": 1695830400,
        "narHash": "sha256-gToZXQVr0G/1WriO83olnqrLSHF2Jb8BPcmCt497ro0=",
        "owner": "nixos",
        "repo": "nixpkgs",
        "rev": "8a86b98f0ba1c405358f1b71ff8b5e1d317f5db2",
        "type": "github"
      },
      "original": {
        "owner": "nixos",
        "ref": "nixos-unstable",
        "repo": "nixpkgs",
        "type": "github"
      }
    },
    "root": {
      "inputs": {
        "fleek": "fleek",
        "home-manager": "home-manager",
        "nixpkgs": "nixpkgs_2"
      }
    }
  },
  "root": "root",
  "version": 7
}
