{
  "nodes": {
    "fleek": {
      "inputs": {
        "nixpkgs": "nixpkgs"
      },
      "locked": {
        "lastModified": 1692722171,
        "narHash": "sha256-VD/2aRN6grlrZ/elfO+AoGu9XHm51bAx5kR7ItkdnHk=",
        "owner": "ublue-os",
        "repo": "fleek",
        "rev": "adf1aaaba8520e0b187d6db7c7f987433b1af240",
        "type": "github"
      },
      "original": {
        "owner": "ublue-os",
        "repo": "fleek",
        "type": "github"
      }
    },
    "home-manager": {
      "inputs": {
        "nixpkgs": [
          "nixpkgs"
        ]
      },
      "locked": {
        "lastModified": 1693187908,
        "narHash": "sha256-cTcNpsqi1llmUFl9bmCdD0mTyfjhBrNFPhu2W12WXzA=",
        "owner": "nix-community",
        "repo": "home-manager",
        "rev": "8bde7a651b94ba30bd0baaa9c4a08aae88cc2e92",
        "type": "github"
      },
      "original": {
        "owner": "nix-community",
        "repo": "home-manager",
        "type": "github"
      }
    },
    "nixpkgs": {
      "locked": {
        "lastModified": 1681154110,
        "narHash": "sha256-OQwWzlzAY1dCqgSsgZzsPIOGmX4pBGaoXOy0rSl4b5Y=",
        "owner": "NixOS",
        "repo": "nixpkgs",
        "rev": "115a96e2ac1e92937cd47c30e073e16dcaaf6247",
        "type": "github"
      },
      "original": {
        "owner": "NixOS",
        "ref": "release-22.11",
        "repo": "nixpkgs",
        "type": "github"
      }
    },
    "nixpkgs_2": {
      "locked": {
        "lastModified": 1693099187,
        "narHash": "sha256-FXCc6OIghv9k4xYOhSMZI6bj7o56S8BJKzKtTKzdUVQ=",
        "owner": "nixos",
        "repo": "nixpkgs",
        "rev": "cf2004afe4d4b95a295c63c911e949e40915eedb",
        "type": "github"
      },
      "original": {
        "owner": "nixos",
        "ref": "nixos-unstable",
        "repo": "nixpkgs",
        "type": "github"
      }
    },
    "root": {
      "inputs": {
        "fleek": "fleek",
        "home-manager": "home-manager",
        "nixpkgs": "nixpkgs_2"
      }
    }
  },
  "root": "root",
  "version": 7
}
